{
    "_meta": {
        "hash": {
            "sha256": "a91e6ef0986287c0dec10e0470ee0741ccb713e70de82b72b049fe0252c09b46"
        },
        "pipfile-spec": 6,
        "requires": {
            "python_version": "3.9"
        },
        "sources": [
            {
                "name": "pypi",
                "url": "https://pypi.org/simple",
                "verify_ssl": true
            }
        ]
    },
    "default": {
        "abelectronics": {
            "git": "https://github.com/abelectronicsuk/ABElectronics_Python_Libraries.git",
            "ref": "b6c37b21c0e500eadecead21c4432a44ffb53c9d"
        },
        "adafruit-blinka": {
            "hashes": [
                "sha256:2a2269c7ee9c975f768baca5e10c512a65e0ac98977edbed3f8f6d5a3a0dc411",
                "sha256:4b290aca7312cf4342eef225e857b58118b547b30da3561ee128165930a7b03e"
            ],
            "markers": "python_full_version >= '3.7.0'",
            "version": "==8.10.0"
        },
        "adafruit-circuitpython-busdevice": {
            "hashes": [
                "sha256:062d010b29ba814c764fbe3a693b7ebbd329b70a9fd5ebde40e0faa020e5fae7",
                "sha256:faa572b613a0732de938ed008402dfb105d91adb5d0096bf2709f46669a94885"
            ],
            "version": "==5.2.3"
        },
        "adafruit-circuitpython-dht": {
            "hashes": [
                "sha256:52320eae89494979fe3ca37903657dc59c55c95720b77e93c707c049db7ccf04",
                "sha256:b4a4089d6b6453584a123af8e6aa44be5e04b83a8437a582707ef8ff8461abfb"
            ],
            "index": "pypi",
            "version": "==3.7.8"
        },
        "adafruit-circuitpython-requests": {
            "hashes": [
                "sha256:48b69b11103ac9786d76dcc102085286b287d8879aaaaccaf4bec76bd3ca909d",
                "sha256:bba406ba713852a23fe3e2cd592de705f39fa32e8e527653798591a744b0481d"
            ],
            "version": "==1.12.11"
        },
        "adafruit-circuitpython-typing": {
            "hashes": [
                "sha256:31d0b597235fb8a56e875f4588800b4b2ac59c00fd554540cbe7759586aa0622",
                "sha256:6c1c2db749a7daa1528548cb899397bf4793895c80ffe2a7ce0922ad3aeabf01"
            ],
            "version": "==1.8.3"
        },
        "adafruit-platformdetect": {
            "hashes": [
                "sha256:5129ce7ff9f0b80c99a6fcbf717a50b6458a5cf2aed218f51c5c2896ba5e7103"
            ],
            "markers": "python_full_version >= '3.7.0'",
            "version": "==3.38.0"
        },
        "adafruit-pureio": {
            "hashes": [
                "sha256:2caf22fb07c7f771d83267f331a76cde314723f884a9570ea6f768730c87a879"
            ],
            "markers": "python_full_version >= '3.5.0'",
            "version": "==1.1.9"
        },
        "certifi": {
            "hashes": [
                "sha256:35824b4c3a97115964b408844d64aa14db1cc518f6562e8d7261699d1350a9e3",
                "sha256:4ad3232f5e926d6718ec31cfc1fcadfde020920e278684144551c91769c7bc18"
            ],
            "markers": "python_version >= '3.6'",
            "version": "==2022.12.7"
        },
        "click": {
            "hashes": [
                "sha256:7682dc8afb30297001674575ea00d1814d808d6a36af415a82bd481d37ba7b8e",
                "sha256:bb4d8133cb15a609f44e8213d9b391b0809795062913b383c62be0ee95b1db48"
            ],
            "index": "pypi",
            "version": "==8.1.3"
        },
        "influxdb-client": {
            "hashes": [
                "sha256:a4c1751337bbfc0b0b0b2fb0fb285e66127bca21ae47a6b86b0bcf4fca05ee70",
                "sha256:eaef9fb9adcdc9868b50770602bf06c662e9cf4a390d09f14c8e888f3947adbb"
            ],
            "index": "pypi",
            "version": "==1.35.0"
        },
        "prometheus-client": {
            "hashes": [
                "sha256:be26aa452490cfcf6da953f9436e95a9f2b4d578ca80094b4458930e5f584ab1",
                "sha256:db7c05cbd13a0f79975592d112320f2605a325969b270a94b71dcabc47b931d2"
            ],
            "index": "pypi",
            "version": "==0.15.0"
        },
        "pyftdi": {
            "hashes": [
                "sha256:112f16ee5b2a2becb8f8df9dd40b3bba007589f34e7613024122d94bd56eb7d7",
                "sha256:8df9af22077d17533d2f95b508b1d87959877627ea5dc2369056e90a3b5a232d"
            ],
            "markers": "python_version >= '3.7'",
            "version": "==0.54.0"
        },
        "pyserial": {
            "hashes": [
                "sha256:3c77e014170dfffbd816e6ffc205e9842efb10be9f58ec16d3e8675b4925cddb",
                "sha256:c4451db6ba391ca6ca299fb3ec7bae67a5c55dde170964c7a14ceefec02f2cf0"
            ],
            "version": "==3.5"
        },
        "python-dateutil": {
            "hashes": [
                "sha256:0123cacc1627ae19ddf3c27a5de5bd67ee4586fbdd6440d9748f8abb483d3e86",
                "sha256:961d03dc3453ebbc59dbdea9e4e11c5651520a876d0f4db161e8674aae935da9"
            ],
            "markers": "python_version >= '2.7' and python_version not in '3.0, 3.1, 3.2, 3.3'",
            "version": "==2.8.2"
        },
        "pyusb": {
            "hashes": [
                "sha256:2b4c7cb86dbadf044dfb9d3a4ff69fd217013dbe78a792177a3feb172449ea36",
                "sha256:a4cc7404a203144754164b8b40994e2849fde1cfff06b08492f12fff9d9de7b9"
            ],
            "markers": "python_full_version >= '3.6.0'",
            "version": "==1.2.1"
        },
        "reactivex": {
            "hashes": [
                "sha256:0004796c420bd9e68aad8e65627d85a8e13f293de76656165dffbcb3a0e3fb6a",
                "sha256:e912e6591022ab9176df8348a653fe8c8fa7a301f26f9931c9d8c78a650e04e8"
            ],
            "markers": "python_version >= '3.7' and python_version < '4.0'",
            "version": "==4.0.4"
        },
        "setuptools": {
            "hashes": [
                "sha256:57f6f22bde4e042978bcd50176fdb381d7c21a9efa4041202288d3737a0c6a54",
                "sha256:a7620757bf984b58deaf32fc8a4577a9bbc0850cf92c20e1ce41c38c19e5fb75"
            ],
            "markers": "python_version >= '3.7'",
            "version": "==65.6.3"
        },
        "six": {
            "hashes": [
                "sha256:1e61c37477a1626458e36f7b1d82aa5c9b094fa4802892072e49de9c60c4c926",
                "sha256:8abb2f1d86890a2dfb989f9a77cfcfd3e47c2a354b01111771326f8aa26e0254"
            ],
            "markers": "python_version >= '2.7' and python_version not in '3.0, 3.1, 3.2, 3.3'",
            "version": "==1.16.0"
        },
        "typing-extensions": {
            "hashes": [
                "sha256:1511434bb92bf8dd198c12b1cc812e800d4181cfcb867674e0f8279cc93087aa",
                "sha256:16fa4864408f655d35ec496218b85f79b3437c829e93320c7c9215ccfd92489e"
            ],
            "markers": "python_version >= '3.7'",
            "version": "==4.4.0"
        },
        "urllib3": {
            "hashes": [
                "sha256:47cc05d99aaa09c9e72ed5809b60e7ba354e64b59c9c173ac3018642d8bb41fc",
                "sha256:c083dd0dce68dbfbe1129d5271cb90f9447dea7d52097c6e0126120c521ddea8"
            ],
            "markers": "python_version >= '2.7' and python_version not in '3.0, 3.1, 3.2, 3.3, 3.4, 3.5'",
            "version": "==1.26.13"
        }
    },
    "develop": {}
}
